// !$*UTF8*$!
{
	archiveVersion = 1;
	classes = {
	};
	objectVersion = 46;
	objects = {

/* Begin PBXBuildFile section */
		8319F3571C698F31007CEBAE /* AppDelegate.swift in Sources */ = {isa = PBXBuildFile; fileRef = 8319F3561C698F31007CEBAE /* AppDelegate.swift */; };
		8319F3591C698F31007CEBAE /* ViewController.swift in Sources */ = {isa = PBXBuildFile; fileRef = 8319F3581C698F31007CEBAE /* ViewController.swift */; };
		8319F35C1C698F31007CEBAE /* Main.storyboard in Resources */ = {isa = PBXBuildFile; fileRef = 8319F35A1C698F31007CEBAE /* Main.storyboard */; };
		8319F35E1C698F31007CEBAE /* Assets.xcassets in Resources */ = {isa = PBXBuildFile; fileRef = 8319F35D1C698F31007CEBAE /* Assets.xcassets */; };
		8319F3611C698F31007CEBAE /* LaunchScreen.storyboard in Resources */ = {isa = PBXBuildFile; fileRef = 8319F35F1C698F31007CEBAE /* LaunchScreen.storyboard */; };
		8319F3691C6DB23A007CEBAE /* StockAPI.swift in Sources */ = {isa = PBXBuildFile; fileRef = 8319F3681C6DB23A007CEBAE /* StockAPI.swift */; };
		8319F36B1C6DBE3F007CEBAE /* BasicStockTableViewCell.swift in Sources */ = {isa = PBXBuildFile; fileRef = 8319F36A1C6DBE3F007CEBAE /* BasicStockTableViewCell.swift */; };
		8319F36F1C7138D7007CEBAE /* DetailStockViewController.swift in Sources */ = {isa = PBXBuildFile; fileRef = 8319F36E1C7138D7007CEBAE /* DetailStockViewController.swift */; };
/* End PBXBuildFile section */

/* Begin PBXFileReference section */
		8319F3531C698F31007CEBAE /* CKSStockTracker.app */ = {isa = PBXFileReference; explicitFileType = wrapper.application; includeInIndex = 0; path = CKSStockTracker.app; sourceTree = BUILT_PRODUCTS_DIR; };
		8319F3561C698F31007CEBAE /* AppDelegate.swift */ = {isa = PBXFileReference; lastKnownFileType = sourcecode.swift; path = AppDelegate.swift; sourceTree = "<group>"; };
		8319F3581C698F31007CEBAE /* ViewController.swift */ = {isa = PBXFileReference; lastKnownFileType = sourcecode.swift; path = ViewController.swift; sourceTree = "<group>"; };
		8319F35B1C698F31007CEBAE /* Base */ = {isa = PBXFileReference; lastKnownFileType = file.storyboard; name = Base; path = Base.lproj/Main.storyboard; sourceTree = "<group>"; };
		8319F35D1C698F31007CEBAE /* Assets.xcassets */ = {isa = PBXFileReference; lastKnownFileType = folder.assetcatalog; path = Assets.xcassets; sourceTree = "<group>"; };
		8319F3601C698F31007CEBAE /* Base */ = {isa = PBXFileReference; lastKnownFileType = file.storyboard; name = Base; path = Base.lproj/LaunchScreen.storyboard; sourceTree = "<group>"; };
		8319F3621C698F31007CEBAE /* Info.plist */ = {isa = PBXFileReference; lastKnownFileType = text.plist.xml; path = Info.plist; sourceTree = "<group>"; };
		8319F3681C6DB23A007CEBAE /* StockAPI.swift */ = {isa = PBXFileReference; fileEncoding = 4; lastKnownFileType = sourcecode.swift; path = StockAPI.swift; sourceTree = "<group>"; };
		8319F36A1C6DBE3F007CEBAE /* BasicStockTableViewCell.swift */ = {isa = PBXFileReference; fileEncoding = 4; lastKnownFileType = sourcecode.swift; path = BasicStockTableViewCell.swift; sourceTree = "<group>"; };
		8319F36E1C7138D7007CEBAE /* DetailStockViewController.swift */ = {isa = PBXFileReference; fileEncoding = 4; lastKnownFileType = sourcecode.swift; name = DetailStockViewController.swift; path = ../DetailStockViewController.swift; sourceTree = "<group>"; };
/* End PBXFileReference section */

/* Begin PBXFrameworksBuildPhase section */
		8319F3501C698F31007CEBAE /* Frameworks */ = {
			isa = PBXFrameworksBuildPhase;
			buildActionMask = 2147483647;
			files = (
			);
			runOnlyForDeploymentPostprocessing = 0;
		};
/* End PBXFrameworksBuildPhase section */

/* Begin PBXGroup section */
		8319F34A1C698F31007CEBAE = {
			isa = PBXGroup;
			children = (
				8319F3551C698F31007CEBAE /* CKSStockTracker */,
				8319F3541C698F31007CEBAE /* Products */,
			);
			sourceTree = "<group>";
		};
		8319F3541C698F31007CEBAE /* Products */ = {
			isa = PBXGroup;
			children = (
				8319F3531C698F31007CEBAE /* CKSStockTracker.app */,
			);
			name = Products;
			sourceTree = "<group>";
		};
		8319F3551C698F31007CEBAE /* CKSStockTracker */ = {
			isa = PBXGroup;
			children = (
				8319F3561C698F31007CEBAE /* AppDelegate.swift */,
				8319F36E1C7138D7007CEBAE /* DetailStockViewController.swift */,
				8319F3581C698F31007CEBAE /* ViewController.swift */,
				8319F3681C6DB23A007CEBAE /* StockAPI.swift */,
				8319F35A1C698F31007CEBAE /* Main.storyboard */,
				8319F36A1C6DBE3F007CEBAE /* BasicStockTableViewCell.swift */,
				8319F35D1C698F31007CEBAE /* Assets.xcassets */,
				8319F35F1C698F31007CEBAE /* LaunchScreen.storyboard */,
				8319F3621C698F31007CEBAE /* Info.plist */,
			);
			path = CKSStockTracker;
			sourceTree = "<group>";
		};
/* End PBXGroup section */

/* Begin PBXNativeTarget section */
		8319F3521C698F31007CEBAE /* CKSStockTracker */ = {
			isa = PBXNativeTarget;
			buildConfigurationList = 8319F3651C698F31007CEBAE /* Build configuration list for PBXNativeTarget "CKSStockTracker" */;
			buildPhases = (
				8319F34F1C698F31007CEBAE /* Sources */,
				8319F3501C698F31007CEBAE /* Frameworks */,
				8319F3511C698F31007CEBAE /* Resources */,
			);
			buildRules = (
			);
			dependencies = (
			);
			name = CKSStockTracker;
			productName = CKSStockTracker;
			productReference = 8319F3531C698F31007CEBAE /* CKSStockTracker.app */;
			productType = "com.apple.product-type.application";
		};
/* End PBXNativeTarget section */

/* Begin PBXProject section */
		8319F34B1C698F31007CEBAE /* Project object */ = {
			isa = PBXProject;
			attributes = {
				LastSwiftUpdateCheck = 0720;
				LastUpgradeCheck = 0720;
				ORGANIZATIONNAME = CKSMedia;
				TargetAttributes = {
					8319F3521C698F31007CEBAE = {
						CreatedOnToolsVersion = 7.2;
						DevelopmentTeam = DUMAG48RSK;
					};
				};
			};
			buildConfigurationList = 8319F34E1C698F31007CEBAE /* Build configuration list for PBXProject "CKSStockTracker" */;
			compatibilityVersion = "Xcode 3.2";
			developmentRegion = English;
			hasScannedForEncodings = 0;
			knownRegions = (
				en,
				Base,
			);
			mainGroup = 8319F34A1C698F31007CEBAE;
			productRefGroup = 8319F3541C698F31007CEBAE /* Products */;
			projectDirPath = "";
			projectRoot = "";
			targets = (
				8319F3521C698F31007CEBAE /* CKSStockTracker */,
			);
		};
/* End PBXProject section */

/* Begin PBXResourcesBuildPhase section */
		8319F3511C698F31007CEBAE /* Resources */ = {
			isa = PBXResourcesBuildPhase;
			buildActionMask = 2147483647;
			files = (
				8319F3611C698F31007CEBAE /* LaunchScreen.storyboard in Resources */,
				8319F35E1C698F31007CEBAE /* Assets.xcassets in Resources */,
				8319F35C1C698F31007CEBAE /* Main.storyboard in Resources */,
			);
			runOnlyForDeploymentPostprocessing = 0;
		};
/* End PBXResourcesBuildPhase section */

/* Begin PBXSourcesBuildPhase section */
		8319F34F1C698F31007CEBAE /* Sources */ = {
			isa = PBXSourcesBuildPhase;
			buildActionMask = 2147483647;
			files = (
				8319F3691C6DB23A007CEBAE /* StockAPI.swift in Sources */,
				8319F36B1C6DBE3F007CEBAE /* BasicStockTableViewCell.swift in Sources */,
				8319F36F1C7138D7007CEBAE /* DetailStockViewController.swift in Sources */,
				8319F3591C698F31007CEBAE /* ViewController.swift in Sources */,
				8319F3571C698F31007CEBAE /* AppDelegate.swift in Sources */,
			);
			runOnlyForDeploymentPostprocessing = 0;
		};
/* End PBXSourcesBuildPhase section */

/* Begin PBXVariantGroup section */
		8319F35A1C698F31007CEBAE /* Main.storyboard */ = {
			isa = PBXVariantGroup;
			children = (
				8319F35B1C698F31007CEBAE /* Base */,
			);
			name = Main.storyboard;
			sourceTree = "<group>";
		};
		8319F35F1C698F31007CEBAE /* LaunchScreen.storyboard */ = {
			isa = PBXVariantGroup;
			children = (
				8319F3601C698F31007CEBAE /* Base */,
			);
			name = LaunchScreen.storyboard;
			sourceTree = "<group>";
		};
/* End PBXVariantGroup section */

/* Begin XCBuildConfiguration section */
		8319F3631C698F31007CEBAE /* Debug */ = {
			isa = XCBuildConfiguration;
			buildSettings = {
				ALWAYS_SEARCH_USER_PATHS = NO;
				CLANG_CXX_LANGUAGE_STANDARD = "gnu++0x";
				CLANG_CXX_LIBRARY = "libc++";
				CLANG_ENABLE_MODULES = YES;
				CLANG_ENABLE_OBJC_ARC = YES;
				CLANG_WARN_BOOL_CONVERSION = YES;
				CLANG_WARN_CONSTANT_CONVERSION = YES;
				CLANG_WARN_DIRECT_OBJC_ISA_USAGE = YES_ERROR;
				CLANG_WARN_EMPTY_BODY = YES;
				CLANG_WARN_ENUM_CONVERSION = YES;
				CLANG_WARN_INT_CONVERSION = YES;
				CLANG_WARN_OBJC_ROOT_CLASS = YES_ERROR;
				CLANG_WARN_UNREACHABLE_CODE = YES;
				CLANG_WARN__DUPLICATE_METHOD_MATCH = YES;
				"CODE_SIGN_IDENTITY[sdk=iphoneos*]" = "iPhone Developer";
				COPY_PHASE_STRIP = NO;
				DEBUG_INFORMATION_FORMAT = dwarf;
				ENABLE_STRICT_OBJC_MSGSEND = YES;
				ENABLE_TESTABILITY = YES;
				GCC_C_LANGUAGE_STANDARD = gnu99;
				GCC_DYNAMIC_NO_PIC = NO;
				GCC_NO_COMMON_BLOCKS = YES;
				GCC_OPTIMIZATION_LEVEL = 0;
				GCC_PREPROCESSOR_DEFINITIONS = (
					"DEBUG=1",
					"$(inherited)",
				);
				GCC_WARN_64_TO_32_BIT_CONVERSION = YES;
				GCC_WARN_ABOUT_RETURN_TYPE = YES_ERROR;
				GCC_WARN_UNDECLARED_SELECTOR = YES;
				GCC_WARN_UNINITIALIZED_AUTOS = YES_AGGRESSIVE;
				GCC_WARN_UNUSED_FUNCTION = YES;
				GCC_WARN_UNUSED_VARIABLE = YES;
				IPHONEOS_DEPLOYMENT_TARGET = 9.2;
				MTL_ENABLE_DEBUG_INFO = YES;
				ONLY_ACTIVE_ARCH = YES;
				SDKROOT = iphoneos;
				SWIFT_OPTIMIZATION_LEVEL = "-Onone";
				TARGETED_DEVICE_FAMILY = "1,2";
			};
			name = Debug;
		};
		8319F3641C698F31007CEBAE /* Release */ = {
			isa = XCBuildConfiguration;
			buildSettings = {
				ALWAYS_SEARCH_USER_PATHS = NO;
				CLANG_CXX_LANGUAGE_STANDARD = "gnu++0x";
				CLANG_CXX_LIBRARY = "libc++";
				CLANG_ENABLE_MODULES = YES;
				CLANG_ENABLE_OBJC_ARC = YES;
				CLANG_WARN_BOOL_CONVERSION = YES;
				CLANG_WARN_CONSTANT_CONVERSION = YES;
				CLANG_WARN_DIRECT_OBJC_ISA_USAGE = YES_ERROR;
				CLANG_WARN_EMPTY_BODY = YES;
				CLANG_WARN_ENUM_CONVERSION = YES;
				CLANG_WARN_INT_CONVERSION = YES;
				CLANG_WARN_OBJC_ROOT_CLASS = YES_ERROR;
				CLANG_WARN_UNREACHABLE_CODE = YES;
				CLANG_WARN__DUPLICATE_METHOD_MATCH = YES;
				"CODE_SIGN_IDENTITY[sdk=iphoneos*]" = "iPhone Developer";
				COPY_PHASE_STRIP = NO;
				DEBUG_INFORMATION_FORMAT = "dwarf-with-dsym";
				ENABLE_NS_ASSERTIONS = NO;
				ENABLE_STRICT_OBJC_MSGSEND = YES;
				GCC_C_LANGUAGE_STANDARD = gnu99;
				GCC_NO_COMMON_BLOCKS = YES;
				GCC_WARN_64_TO_32_BIT_CONVERSION = YES;
				GCC_WARN_ABOUT_RETURN_TYPE = YES_ERROR;
				GCC_WARN_UNDECLARED_SELECTOR = YES;
				GCC_WARN_UNINITIALIZED_AUTOS = YES_AGGRESSIVE;
				GCC_WARN_UNUSED_FUNCTION = YES;
				GCC_WARN_UNUSED_VARIABLE = YES;
				IPHONEOS_DEPLOYMENT_TARGET = 9.2;
				MTL_ENABLE_DEBUG_INFO = NO;
				SDKROOT = iphoneos;
				TARGETED_DEVICE_FAMILY = "1,2";
				VALIDATE_PRODUCT = YES;
			};
			name = Release;
		};
		8319F3661C698F31007CEBAE /* Debug */ = {
			isa = XCBuildConfiguration;
			buildSettings = {
				ASSETCATALOG_COMPILER_APPICON_NAME = AppIcon;
				INFOPLIST_FILE = CKSStockTracker/Info.plist;
				LD_RUNPATH_SEARCH_PATHS = "$(inherited) @executable_path/Frameworks";
				PRODUCT_BUNDLE_IDENTIFIER = com.cks.media.CKSStockTracker;
				PRODUCT_NAME = "$(TARGET_NAME)";
			};
			name = Debug;
		};
		8319F3671C698F31007CEBAE /* Release */ = {
			isa = XCBuildConfiguration;
			buildSettings = {
				ASSETCATALOG_COMPILER_APPICON_NAME = AppIcon;
				INFOPLIST_FILE = CKSStockTracker/Info.plist;
				LD_RUNPATH_SEARCH_PATHS = "$(inherited) @executable_path/Frameworks";
				PRODUCT_BUNDLE_IDENTIFIER = com.cks.media.CKSStockTracker;
				PRODUCT_NAME = "$(TARGET_NAME)";
			};
			name = Release;
		};
/* End XCBuildConfiguration section */

/* Begin XCConfigurationList section */
		8319F34E1C698F31007CEBAE /* Build configuration list for PBXProject "CKSStockTracker" */ = {
			isa = XCConfigurationList;
			buildConfigurations = (
				8319F3631C698F31007CEBAE /* Debug */,
				8319F3641C698F31007CEBAE /* Release */,
			);
			defaultConfigurationIsVisible = 0;
			defaultConfigurationName = Release;
		};
		8319F3651C698F31007CEBAE /* Build configuration list for PBXNativeTarget "CKSStockTracker" */ = {
			isa = XCConfigurationList;
			buildConfigurations = (
				8319F3661C698F31007CEBAE /* Debug */,
				8319F3671C698F31007CEBAE /* Release */,
			);
			defaultConfigurationIsVisible = 0;
			defaultConfigurationName = Release;
		};
/* End XCConfigurationList section */
	};
	rootObject = 8319F34B1C698F31007CEBAE /* Project object */;
}
